
Microsoft Visual Studio Solution File, Format Version 12.00
# Visual Studio Version 16
VisualStudioVersion = 16.0.30804.86
MinimumVisualStudioVersion = 10.0.40219.1
Project("{FAE04EC0-301F-11D3-BF4B-00C04F79EFBC}") = "DiffieHellman_Server", "DiffieHellman_Server\DiffieHellman_Server.csproj", "{5091B0F0-5A10-420F-B59A-F6BFB1FB8CA7}"
EndProject
Global
	GlobalSection(SolutionConfigurationPlatforms) = preSolution
		Debug|Any CPU = Debug|Any CPU
		Release|Any CPU = Release|Any CPU
	EndGlobalSection
	GlobalSection(ProjectConfigurationPlatforms) = postSolution
		{5091B0F0-5A10-420F-B59A-F6BFB1FB8CA7}.Debug|Any CPU.ActiveCfg = Debug|Any CPU
		{5091B0F0-5A10-420F-B59A-F6BFB1FB8CA7}.Debug|Any CPU.Build.0 = Debug|Any CPU
		{5091B0F0-5A10-420F-B59A-F6BFB1FB8CA7}.Release|Any CPU.ActiveCfg = Release|Any CPU
		{5091B0F0-5A10-420F-B59A-F6BFB1FB8CA7}.Release|Any CPU.Build.0 = Release|Any CPU
	EndGlobalSection
	GlobalSection(SolutionProperties) = preSolution
		HideSolutionNode = FALSE
	EndGlobalSection
	GlobalSection(ExtensibilityGlobals) = postSolution
		SolutionGuid = {C717988D-7D54-45B6-A2D2-3677BD1EFD55}
	EndGlobalSection
EndGlobal
